
Microsoft Visual Studio Solution File, Format Version 12.00
# Visual Studio Version 17
VisualStudioVersion = 17.14.36623.8 d17.14
MinimumVisualStudioVersion = 10.0.40219.1
Project("{2150E333-8FDC-42A3-9474-1A3956D46DE8}") = "Microservices", "Microservices", "{02EA681E-C7D8-13C7-8484-4AC65E1B71E8}"
EndProject
Project("{2150E333-8FDC-42A3-9474-1A3956D46DE8}") = "Domain", "Domain", "{9FC55C78-DF94-43F3-BD51-4A3A2F73C9C1}"
EndProject
Project("{2150E333-8FDC-42A3-9474-1A3956D46DE8}") = "Infra.Bus", "Infra.Bus", "{3F107655-E94B-4057-902D-F81A94660AE5}"
EndProject
Project("{2150E333-8FDC-42A3-9474-1A3956D46DE8}") = "Infra.IoC", "Infra.IoC", "{0A81ECB1-3383-4D80-94BD-83BEE26728EE}"
EndProject
Project("{2150E333-8FDC-42A3-9474-1A3956D46DE8}") = "Presentation", "Presentation", "{D1BB7B9D-6B17-4835-93FF-541ED9F3DAF0}"
EndProject
Project("{2150E333-8FDC-42A3-9474-1A3956D46DE8}") = "Solution Items", "Solution Items", "{8EC462FD-D22E-90A8-E5CE-7E832BA40C5D}"
	ProjectSection(SolutionItems) = preProject
		.gitignore = .gitignore
	EndProjectSection
EndProject
Project("{FAE04EC0-301F-11D3-BF4B-00C04F79EFBC}") = "MicroRabbit.Domain.Core", "MicroRabbit.Domain.Core\MicroRabbit.Domain.Core.csproj", "{3117616F-4E42-4C1A-93A6-A73FE5304D96}"
EndProject
Project("{FAE04EC0-301F-11D3-BF4B-00C04F79EFBC}") = "MicroRabbit.Infra.Bus", "MicroRabbit.Infra.Bus\MicroRabbit.Infra.Bus.csproj", "{4D5CA2AB-2F0F-47B3-9C73-D5BFE3D68601}"
EndProject
Project("{FAE04EC0-301F-11D3-BF4B-00C04F79EFBC}") = "MicroRabbit.Infra.IoC", "MicroRabbit.Infra.IoC\MicroRabbit.Infra.IoC.csproj", "{74E0D904-4B55-4C5E-968E-BAACC7EAD28A}"
EndProject
Project("{2150E333-8FDC-42A3-9474-1A3956D46DE8}") = "Banking", "Banking", "{6450049A-3348-47A1-82C2-CE81AA2F9C6D}"
EndProject
Project("{2150E333-8FDC-42A3-9474-1A3956D46DE8}") = "Api", "Api", "{4F46B712-B38D-44FF-A782-FA80115B3437}"
EndProject
Project("{2150E333-8FDC-42A3-9474-1A3956D46DE8}") = "Domain", "Domain", "{B3A15F40-7117-41F3-A570-5C76B387237F}"
EndProject
Project("{2150E333-8FDC-42A3-9474-1A3956D46DE8}") = "Application", "Application", "{120FCB31-1B93-4C90-8375-92572FA6D433}"
EndProject
Project("{2150E333-8FDC-42A3-9474-1A3956D46DE8}") = "Data", "Data", "{2BDE4A4B-78CD-4FB8-895B-CB9D215B0E14}"
EndProject
Project("{FAE04EC0-301F-11D3-BF4B-00C04F79EFBC}") = "MicroRabbit.Banking.Api", "MicroRabbit.Banking.Api\MicroRabbit.Banking.Api.csproj", "{CA3EF79B-B405-4AED-8281-ABC784BFA9F5}"
EndProject
Project("{FAE04EC0-301F-11D3-BF4B-00C04F79EFBC}") = "MicroRabbit.Banking.Application", "MicroRabbit.Banking.Application\MicroRabbit.Banking.Application.csproj", "{FBDC0749-9254-4510-A400-012DB3E55097}"
EndProject
Project("{FAE04EC0-301F-11D3-BF4B-00C04F79EFBC}") = "MicroRabbit.Banking.Data", "MicroRabbit.Banking.Data\MicroRabbit.Banking.Data.csproj", "{8E933651-19C6-477F-BC8B-058C3BA3EF76}"
EndProject
Project("{FAE04EC0-301F-11D3-BF4B-00C04F79EFBC}") = "MicroRabbit.Banking.Domain", "MicroRabbit.Banking.Domain\MicroRabbit.Banking.Domain.csproj", "{ADD6C61D-D7C2-41BD-9FA2-8586F7B90658}"
EndProject
Global
	GlobalSection(SolutionConfigurationPlatforms) = preSolution
		Debug|Any CPU = Debug|Any CPU
		Release|Any CPU = Release|Any CPU
	EndGlobalSection
	GlobalSection(ProjectConfigurationPlatforms) = postSolution
		{3117616F-4E42-4C1A-93A6-A73FE5304D96}.Debug|Any CPU.ActiveCfg = Debug|Any CPU
		{3117616F-4E42-4C1A-93A6-A73FE5304D96}.Debug|Any CPU.Build.0 = Debug|Any CPU
		{3117616F-4E42-4C1A-93A6-A73FE5304D96}.Release|Any CPU.ActiveCfg = Release|Any CPU
		{3117616F-4E42-4C1A-93A6-A73FE5304D96}.Release|Any CPU.Build.0 = Release|Any CPU
		{4D5CA2AB-2F0F-47B3-9C73-D5BFE3D68601}.Debug|Any CPU.ActiveCfg = Debug|Any CPU
		{4D5CA2AB-2F0F-47B3-9C73-D5BFE3D68601}.Debug|Any CPU.Build.0 = Debug|Any CPU
		{4D5CA2AB-2F0F-47B3-9C73-D5BFE3D68601}.Release|Any CPU.ActiveCfg = Release|Any CPU
		{4D5CA2AB-2F0F-47B3-9C73-D5BFE3D68601}.Release|Any CPU.Build.0 = Release|Any CPU
		{74E0D904-4B55-4C5E-968E-BAACC7EAD28A}.Debug|Any CPU.ActiveCfg = Debug|Any CPU
		{74E0D904-4B55-4C5E-968E-BAACC7EAD28A}.Debug|Any CPU.Build.0 = Debug|Any CPU
		{74E0D904-4B55-4C5E-968E-BAACC7EAD28A}.Release|Any CPU.ActiveCfg = Release|Any CPU
		{74E0D904-4B55-4C5E-968E-BAACC7EAD28A}.Release|Any CPU.Build.0 = Release|Any CPU
		{CA3EF79B-B405-4AED-8281-ABC784BFA9F5}.Debug|Any CPU.ActiveCfg = Debug|Any CPU
		{CA3EF79B-B405-4AED-8281-ABC784BFA9F5}.Debug|Any CPU.Build.0 = Debug|Any CPU
		{CA3EF79B-B405-4AED-8281-ABC784BFA9F5}.Release|Any CPU.ActiveCfg = Release|Any CPU
		{CA3EF79B-B405-4AED-8281-ABC784BFA9F5}.Release|Any CPU.Build.0 = Release|Any CPU
		{FBDC0749-9254-4510-A400-012DB3E55097}.Debug|Any CPU.ActiveCfg = Debug|Any CPU
		{FBDC0749-9254-4510-A400-012DB3E55097}.Debug|Any CPU.Build.0 = Debug|Any CPU
		{FBDC0749-9254-4510-A400-012DB3E55097}.Release|Any CPU.ActiveCfg = Release|Any CPU
		{FBDC0749-9254-4510-A400-012DB3E55097}.Release|Any CPU.Build.0 = Release|Any CPU
		{8E933651-19C6-477F-BC8B-058C3BA3EF76}.Debug|Any CPU.ActiveCfg = Debug|Any CPU
		{8E933651-19C6-477F-BC8B-058C3BA3EF76}.Debug|Any CPU.Build.0 = Debug|Any CPU
		{8E933651-19C6-477F-BC8B-058C3BA3EF76}.Release|Any CPU.ActiveCfg = Release|Any CPU
		{8E933651-19C6-477F-BC8B-058C3BA3EF76}.Release|Any CPU.Build.0 = Release|Any CPU
		{ADD6C61D-D7C2-41BD-9FA2-8586F7B90658}.Debug|Any CPU.ActiveCfg = Debug|Any CPU
		{ADD6C61D-D7C2-41BD-9FA2-8586F7B90658}.Debug|Any CPU.Build.0 = Debug|Any CPU
		{ADD6C61D-D7C2-41BD-9FA2-8586F7B90658}.Release|Any CPU.ActiveCfg = Release|Any CPU
		{ADD6C61D-D7C2-41BD-9FA2-8586F7B90658}.Release|Any CPU.Build.0 = Release|Any CPU
	EndGlobalSection
	GlobalSection(SolutionProperties) = preSolution
		HideSolutionNode = FALSE
	EndGlobalSection
	GlobalSection(NestedProjects) = preSolution
		{3117616F-4E42-4C1A-93A6-A73FE5304D96} = {9FC55C78-DF94-43F3-BD51-4A3A2F73C9C1}
		{4D5CA2AB-2F0F-47B3-9C73-D5BFE3D68601} = {3F107655-E94B-4057-902D-F81A94660AE5}
		{74E0D904-4B55-4C5E-968E-BAACC7EAD28A} = {0A81ECB1-3383-4D80-94BD-83BEE26728EE}
		{6450049A-3348-47A1-82C2-CE81AA2F9C6D} = {02EA681E-C7D8-13C7-8484-4AC65E1B71E8}
		{4F46B712-B38D-44FF-A782-FA80115B3437} = {6450049A-3348-47A1-82C2-CE81AA2F9C6D}
		{B3A15F40-7117-41F3-A570-5C76B387237F} = {6450049A-3348-47A1-82C2-CE81AA2F9C6D}
		{120FCB31-1B93-4C90-8375-92572FA6D433} = {6450049A-3348-47A1-82C2-CE81AA2F9C6D}
		{2BDE4A4B-78CD-4FB8-895B-CB9D215B0E14} = {6450049A-3348-47A1-82C2-CE81AA2F9C6D}
		{CA3EF79B-B405-4AED-8281-ABC784BFA9F5} = {4F46B712-B38D-44FF-A782-FA80115B3437}
		{FBDC0749-9254-4510-A400-012DB3E55097} = {120FCB31-1B93-4C90-8375-92572FA6D433}
		{8E933651-19C6-477F-BC8B-058C3BA3EF76} = {2BDE4A4B-78CD-4FB8-895B-CB9D215B0E14}
		{ADD6C61D-D7C2-41BD-9FA2-8586F7B90658} = {B3A15F40-7117-41F3-A570-5C76B387237F}
	EndGlobalSection
	GlobalSection(ExtensibilityGlobals) = postSolution
		SolutionGuid = {0A4AD9A0-E862-4433-816E-0A9291F7C08E}
	EndGlobalSection
EndGlobal
